// !$*UTF8*$!
{
	archiveVersion = 1;
	classes = {
	};
	objectVersion = 46;
	objects = {

/* Begin PBXBuildFile section */
		4AC30A3815EBAF0B005F767F /* letter.cpp in Sources */ = {isa = PBXBuildFile; fileRef = 4AC30A3715EBAF0B005F767F /* letter.cpp */; };
/* End PBXBuildFile section */

/* Begin PBXCopyFilesBuildPhase section */
		4AC30A3115EBAF0B005F767F /* CopyFiles */ = {
			isa = PBXCopyFilesBuildPhase;
			buildActionMask = 2147483647;
			dstPath = /usr/share/man/man1/;
			dstSubfolderSpec = 0;
			files = (
			);
			runOnlyForDeploymentPostprocessing = 1;
		};
/* End PBXCopyFilesBuildPhase section */

/* Begin PBXFileReference section */
		4AC30A3315EBAF0B005F767F /* CS122-AS1-letter */ = {isa = PBXFileReference; explicitFileType = "compiled.mach-o.executable"; includeInIndex = 0; path = "CS122-AS1-letter"; sourceTree = BUILT_PRODUCTS_DIR; };
		4AC30A3715EBAF0B005F767F /* letter.cpp */ = {isa = PBXFileReference; lastKnownFileType = sourcecode.cpp.cpp; path = letter.cpp; sourceTree = "<group>"; };
/* End PBXFileReference section */

/* Begin PBXFrameworksBuildPhase section */
		4AC30A3015EBAF0B005F767F /* Frameworks */ = {
			isa = PBXFrameworksBuildPhase;
			buildActionMask = 2147483647;
			files = (
			);
			runOnlyForDeploymentPostprocessing = 0;
		};
/* End PBXFrameworksBuildPhase section */

/* Begin PBXGroup section */
		4AC30A2815EBAF0B005F767F = {
			isa = PBXGroup;
			children = (
				4AC30A3615EBAF0B005F767F /* CS122-AS1-letter */,
				4AC30A3415EBAF0B005F767F /* Products */,
			);
			sourceTree = "<group>";
		};
		4AC30A3415EBAF0B005F767F /* Products */ = {
			isa = PBXGroup;
			children = (
				4AC30A3315EBAF0B005F767F /* CS122-AS1-letter */,
			);
			name = Products;
			sourceTree = "<group>";
		};
		4AC30A3615EBAF0B005F767F /* CS122-AS1-letter */ = {
			isa = PBXGroup;
			children = (
				4AC30A3715EBAF0B005F767F /* letter.cpp */,
			);
			path = "CS122-AS1-letter";
			sourceTree = "<group>";
		};
/* End PBXGroup section */

/* Begin PBXNativeTarget section */
		4AC30A3215EBAF0B005F767F /* CS122-AS1-letter */ = {
			isa = PBXNativeTarget;
			buildConfigurationList = 4AC30A3D15EBAF0B005F767F /* Build configuration list for PBXNativeTarget "CS122-AS1-letter" */;
			buildPhases = (
				4AC30A2F15EBAF0B005F767F /* Sources */,
				4AC30A3015EBAF0B005F767F /* Frameworks */,
				4AC30A3115EBAF0B005F767F /* CopyFiles */,
			);
			buildRules = (
			);
			dependencies = (
			);
			name = "CS122-AS1-letter";
			productName = "CS122-AS1-letter";
			productReference = 4AC30A3315EBAF0B005F767F /* CS122-AS1-letter */;
			productType = "com.apple.product-type.tool";
		};
/* End PBXNativeTarget section */

/* Begin PBXProject section */
		4AC30A2A15EBAF0B005F767F /* Project object */ = {
			isa = PBXProject;
			attributes = {
				LastUpgradeCheck = 0440;
				ORGANIZATIONNAME = "Ethan Laur";
			};
			buildConfigurationList = 4AC30A2D15EBAF0B005F767F /* Build configuration list for PBXProject "CS122-AS1-letter" */;
			compatibilityVersion = "Xcode 3.2";
			developmentRegion = English;
			hasScannedForEncodings = 0;
			knownRegions = (
				en,
			);
			mainGroup = 4AC30A2815EBAF0B005F767F;
			productRefGroup = 4AC30A3415EBAF0B005F767F /* Products */;
			projectDirPath = "";
			projectRoot = "";
			targets = (
				4AC30A3215EBAF0B005F767F /* CS122-AS1-letter */,
			);
		};
/* End PBXProject section */

/* Begin PBXSourcesBuildPhase section */
		4AC30A2F15EBAF0B005F767F /* Sources */ = {
			isa = PBXSourcesBuildPhase;
			buildActionMask = 2147483647;
			files = (
				4AC30A3815EBAF0B005F767F /* letter.cpp in Sources */,
			);
			runOnlyForDeploymentPostprocessing = 0;
		};
/* End PBXSourcesBuildPhase section */

/* Begin XCBuildConfiguration section */
		4AC30A3B15EBAF0B005F767F /* Debug */ = {
			isa = XCBuildConfiguration;
			buildSettings = {
				ALWAYS_SEARCH_USER_PATHS = NO;
				ARCHS = "$(ARCHS_STANDARD_64_BIT)";
				CLANG_CXX_LANGUAGE_STANDARD = "gnu++0x";
				CLANG_WARN__DUPLICATE_METHOD_MATCH = YES;
				COPY_PHASE_STRIP = NO;
				GCC_C_LANGUAGE_STANDARD = gnu99;
				GCC_DYNAMIC_NO_PIC = NO;
				GCC_ENABLE_OBJC_EXCEPTIONS = YES;
				GCC_OPTIMIZATION_LEVEL = 0;
				GCC_PREPROCESSOR_DEFINITIONS = (
					"DEBUG=1",
					"$(inherited)",
				);
				GCC_SYMBOLS_PRIVATE_EXTERN = NO;
				GCC_WARN_64_TO_32_BIT_CONVERSION = YES;
				GCC_WARN_ABOUT_RETURN_TYPE = YES;
				GCC_WARN_UNINITIALIZED_AUTOS = YES;
				GCC_WARN_UNUSED_VARIABLE = YES;
				MACOSX_DEPLOYMENT_TARGET = 10.8;
				ONLY_ACTIVE_ARCH = YES;
				SDKROOT = macosx;
			};
			name = Debug;
		};
		4AC30A3C15EBAF0B005F767F /* Release */ = {
			isa = XCBuildConfiguration;
			buildSettings = {
				ALWAYS_SEARCH_USER_PATHS = NO;
				ARCHS = "$(ARCHS_STANDARD_64_BIT)";
				CLANG_CXX_LANGUAGE_STANDARD = "gnu++0x";
				CLANG_WARN__DUPLICATE_METHOD_MATCH = YES;
				COPY_PHASE_STRIP = YES;
				DEBUG_INFORMATION_FORMAT = "dwarf-with-dsym";
				GCC_C_LANGUAGE_STANDARD = gnu99;
				GCC_ENABLE_OBJC_EXCEPTIONS = YES;
				GCC_WARN_64_TO_32_BIT_CONVERSION = YES;
				GCC_WARN_ABOUT_RETURN_TYPE = YES;
				GCC_WARN_UNINITIALIZED_AUTOS = YES;
				GCC_WARN_UNUSED_VARIABLE = YES;
				MACOSX_DEPLOYMENT_TARGET = 10.8;
				SDKROOT = macosx;
			};
			name = Release;
		};
		4AC30A3E15EBAF0B005F767F /* Debug */ = {
			isa = XCBuildConfiguration;
			buildSettings = {
				PRODUCT_NAME = "$(TARGET_NAME)";
			};
			name = Debug;
		};
		4AC30A3F15EBAF0B005F767F /* Release */ = {
			isa = XCBuildConfiguration;
			buildSettings = {
				PRODUCT_NAME = "$(TARGET_NAME)";
			};
			name = Release;
		};
/* End XCBuildConfiguration section */

/* Begin XCConfigurationList section */
		4AC30A2D15EBAF0B005F767F /* Build configuration list for PBXProject "CS122-AS1-letter" */ = {
			isa = XCConfigurationList;
			buildConfigurations = (
				4AC30A3B15EBAF0B005F767F /* Debug */,
				4AC30A3C15EBAF0B005F767F /* Release */,
			);
			defaultConfigurationIsVisible = 0;
			defaultConfigurationName = Release;
		};
		4AC30A3D15EBAF0B005F767F /* Build configuration list for PBXNativeTarget "CS122-AS1-letter" */ = {
			isa = XCConfigurationList;
			buildConfigurations = (
				4AC30A3E15EBAF0B005F767F /* Debug */,
				4AC30A3F15EBAF0B005F767F /* Release */,
			);
			defaultConfigurationIsVisible = 0;
		};
/* End XCConfigurationList section */
	};
	rootObject = 4AC30A2A15EBAF0B005F767F /* Project object */;
}
